# This file is automatically @generated by Poetry 1.5.1 and should not be changed by hand.

[[package]]
name = "boolean"
version = "1.1.0"
description = "Converts string to their equivalent boolean value"
optional = false
python-versions = "*"
files = [
    {file = "boolean-1.1.0.tar.gz", hash = "sha256:2556c3ada0b57a5fabf59fa83dec2cc3a2790da3564d89724d8658cd6909f246"},
]

[metadata]
lock-version = "2.0"
python-versions = ">=3.10.0,<3.11"
content-hash = "53eb08be5e04d10cfd5a0f91973fe4c4dbfe2bcfa25149ade24e0be4e3befa9d"
